
Microsoft Visual Studio Solution File, Format Version 12.00
# Visual Studio 15
VisualStudioVersion = 15.0.27004.2002
MinimumVisualStudioVersion = 10.0.40219.1
Project("{FAE04EC0-301F-11D3-BF4B-00C04F79EFBC}") = "MM2RandoHost", "MM2RandoHost\MM2RandoHost.csproj", "{F12A49E8-C7A7-4FDE-BB7C-EA80451D5B96}"
EndProject
Project("{FAE04EC0-301F-11D3-BF4B-00C04F79EFBC}") = "MM2RandoLib", "MM2RandoLib\MM2RandoLib.csproj", "{2F96FE8D-29DC-46F3-9D26-FC85DC2225C8}"
EndProject
Global
	GlobalSection(SolutionConfigurationPlatforms) = preSolution
		Debug|Any CPU = Debug|Any CPU
		Debug|x64 = Debug|x64
		Release|Any CPU = Release|Any CPU
		Release|x64 = Release|x64
	EndGlobalSection
	GlobalSection(ProjectConfigurationPlatforms) = postSolution
		{F12A49E8-C7A7-4FDE-BB7C-EA80451D5B96}.Debug|Any CPU.ActiveCfg = Debug|Any CPU
		{F12A49E8-C7A7-4FDE-BB7C-EA80451D5B96}.Debug|Any CPU.Build.0 = Debug|Any CPU
		{F12A49E8-C7A7-4FDE-BB7C-EA80451D5B96}.Debug|x64.ActiveCfg = Debug|x64
		{F12A49E8-C7A7-4FDE-BB7C-EA80451D5B96}.Debug|x64.Build.0 = Debug|x64
		{F12A49E8-C7A7-4FDE-BB7C-EA80451D5B96}.Release|Any CPU.ActiveCfg = Release|Any CPU
		{F12A49E8-C7A7-4FDE-BB7C-EA80451D5B96}.Release|Any CPU.Build.0 = Release|Any CPU
		{F12A49E8-C7A7-4FDE-BB7C-EA80451D5B96}.Release|x64.ActiveCfg = Release|x64
		{F12A49E8-C7A7-4FDE-BB7C-EA80451D5B96}.Release|x64.Build.0 = Release|x64
		{2F96FE8D-29DC-46F3-9D26-FC85DC2225C8}.Debug|Any CPU.ActiveCfg = Debug|Any CPU
		{2F96FE8D-29DC-46F3-9D26-FC85DC2225C8}.Debug|Any CPU.Build.0 = Debug|Any CPU
		{2F96FE8D-29DC-46F3-9D26-FC85DC2225C8}.Debug|x64.ActiveCfg = Debug|Any CPU
		{2F96FE8D-29DC-46F3-9D26-FC85DC2225C8}.Debug|x64.Build.0 = Debug|Any CPU
		{2F96FE8D-29DC-46F3-9D26-FC85DC2225C8}.Release|Any CPU.ActiveCfg = Release|Any CPU
		{2F96FE8D-29DC-46F3-9D26-FC85DC2225C8}.Release|Any CPU.Build.0 = Release|Any CPU
		{2F96FE8D-29DC-46F3-9D26-FC85DC2225C8}.Release|x64.ActiveCfg = Release|Any CPU
		{2F96FE8D-29DC-46F3-9D26-FC85DC2225C8}.Release|x64.Build.0 = Release|Any CPU
	EndGlobalSection
	GlobalSection(SolutionProperties) = preSolution
		HideSolutionNode = FALSE
	EndGlobalSection
	GlobalSection(ExtensibilityGlobals) = postSolution
		SolutionGuid = {0A433506-4D6A-42A1-AD39-F9AF55A48934}
	EndGlobalSection
EndGlobal
